{
  "requires": true,
  "lockfileVersion": 1,
  "dependencies": {
    "@types/lodash": {
      "version": "4.14.165",
      "resolved": "https://registry.npmjs.org/@types/lodash/-/lodash-4.14.165.tgz",
      "integrity": "sha512-tjSSOTHhI5mCHTy/OOXYIhi2Wt1qcbHmuXD1Ha7q70CgI/I71afO4XtLb/cVexki1oVYchpul/TOuu3Arcdxrg=="
    },
    "async-limiter": {
      "version": "1.0.1",
      "resolved": "https://registry.npmjs.org/async-limiter/-/async-limiter-1.0.1.tgz",
      "integrity": "sha512-csOlWGAcRFJaI6m+F2WKdnMKr4HhdhFVBk0H/QbJFMCr+uO2kwohwXQPxw/9OCxp05r5ghVBFSyioixx3gfkNQ==",
      "dev": true
    },
    "audio-sculptor": {
      "version": "1.5.4",
      "resolved": "https://registry.npmjs.org/audio-sculptor/-/audio-sculptor-1.5.4.tgz",
      "integrity": "sha512-VQSkwPWqiMSKDGZMPkaoRW86Zj7JMLtuetaSkhK+ldVWRFGsnymHyiC6P+/0fBSmUFj6kQWijNjoyT4NsyL/wQ==",
      "requires": {
        "@types/lodash": "^4.14.138",
        "axios": "^0.19.0",
        "lodash": "^4.17.15"
      }
    },
    "axios": {
      "version": "0.19.2",
      "resolved": "https://registry.npmjs.org/axios/-/axios-0.19.2.tgz",
      "integrity": "sha512-fjgm5MvRHLhx+osE2xoekY70AhARk3a6hkN+3Io1jc00jtquGvxYlKlsFUhmUET0V5te6CcZI7lcv2Ym61mjHA==",
      "requires": {
        "follow-redirects": "1.5.10"
      }
    },
    "debug": {
      "version": "3.1.0",
      "resolved": "https://registry.npmjs.org/debug/-/debug-3.1.0.tgz",
      "integrity": "sha512-OX8XqP7/1a9cqkxYw2yXss15f26NKWBpDXQd0/uK/KPqdQhxbPa994hnzjcE2VqQpDslf55723cKPUOGSmMY3g==",
      "requires": {
        "ms": "2.0.0"
      }
    },
    "follow-redirects": {
      "version": "1.5.10",
      "resolved": "https://registry.npmjs.org/follow-redirects/-/follow-redirects-1.5.10.tgz",
      "integrity": "sha512-0V5l4Cizzvqt5D44aTXbFZz+FtyXV1vrDN6qrelxtfYQKW0KO0W2T/hkE8xvGa/540LkZlkaUjO4ailYTFtHVQ==",
      "requires": {
        "debug": "=3.1.0"
      }
    },
    "licia": {
      "version": "1.27.1",
      "resolved": "https://registry.npmjs.org/licia/-/licia-1.27.1.tgz",
      "integrity": "sha512-5oqLjX8Mwk0Vpp5GLHvV9Y2bss/TBm3Z0TGhGTL2JOwXF5mlOBnWIZx/5h3mfJ33sin9U0JKMapUFjLJWTPO1w==",
      "dev": true
    },
    "lodash": {
      "version": "4.17.20",
      "resolved": "https://registry.npmjs.org/lodash/-/lodash-4.17.20.tgz",
      "integrity": "sha512-PlhdFcillOINfeV7Ni6oF1TAEayyZBoZ8bcshTHqOYJYlrqzRK5hagpagky5o4HfCzzd1TRkXPMFq6cKk9rGmA=="
    },
    "ms": {
      "version": "2.0.0",
      "resolved": "https://registry.npmjs.org/ms/-/ms-2.0.0.tgz",
      "integrity": "sha1-VgiurfwAvmwpAd9fmGF4jeDVl8g="
    },
    "qrcode-terminal": {
      "version": "0.12.0",
      "resolved": "https://registry.npmjs.org/qrcode-terminal/-/qrcode-terminal-0.12.0.tgz",
      "integrity": "sha512-EXtzRZmC+YGmGlDFbXKxQiMZNwCLEO6BANKXG4iCtSIM0yqc/pappSx3RIKr4r0uh5JsBckOXeKrB3Iz7mdQpQ==",
      "dev": true
    },
    "swan-automator": {
      "version": "0.0.6",
      "resolved": "https://registry.npmjs.org/swan-automator/-/swan-automator-0.0.6.tgz",
      "integrity": "sha512-Jzsf2iEoboymMHjRy90BoEIuvIw3gwq/+SmiOUU9aBE/qaSIDWQLJOwrH77plUWSqPaEScqWsQbFCEhe3lV5ig==",
      "dev": true,
      "requires": {
        "debug": "^4.1.1",
        "licia": "^1.9.0",
        "lodash": "^4.17.15",
        "qrcode-terminal": "^0.12.0",
        "ws": "6.2.1"
      },
      "dependencies": {
        "debug": {
          "version": "4.3.1",
          "resolved": "https://registry.npmjs.org/debug/-/debug-4.3.1.tgz",
          "integrity": "sha512-doEwdvm4PCeK4K3RQN2ZC2BYUBaxwLARCqZmMjtF8a51J2Rb0xpVloFRnCODwqjpwnAoao4pelN8l3RJdv3gRQ==",
          "dev": true,
          "requires": {
            "ms": "2.1.2"
          }
        },
        "ms": {
          "version": "2.1.2",
          "resolved": "https://registry.npmjs.org/ms/-/ms-2.1.2.tgz",
          "integrity": "sha512-sGkPx+VjMtmA6MX27oA4FBFELFCZZ4S4XqeGOXCv68tT+jb3vk/RyaKWP0PTKyWtmLSM0b+adUTEvbs1PEaH2w==",
          "dev": true
        }
      }
    },
    "ws": {
      "version": "6.2.1",
      "resolved": "https://registry.npmjs.org/ws/-/ws-6.2.1.tgz",
      "integrity": "sha512-GIyAXC2cB7LjvpgMt9EKS2ldqr0MTrORaleiOno6TweZ6r3TKtoFQWay/2PceJ3RuBasOHzXNn5Lrw1X0bEjqA==",
      "dev": true,
      "requires": {
        "async-limiter": "~1.0.0"
      }
    }
  }
}
